// !$*UTF8*$!
{
	archiveVersion = 1;
	classes = {
	};
	objectVersion = 56;
	objects = {

/* Begin PBXBuildFile section */
		A83F7D142CABFFF5000131B7 /* PrtScProApp.swift in Sources */ = {isa = PBXBuildFile; fileRef = A83F7D132CABFFF5000131B7 /* PrtScProApp.swift */; };
		A83F7D162CABFFF5000131B7 /* MainView.swift in Sources */ = {isa = PBXBuildFile; fileRef = A83F7D152CABFFF5000131B7 /* MainView.swift */; };
		A83F7D182CABFFF7000131B7 /* Assets.xcassets in Resources */ = {isa = PBXBuildFile; fileRef = A83F7D172CABFFF7000131B7 /* Assets.xcassets */; };
		A83F7D1B2CABFFF7000131B7 /* Preview Assets.xcassets in Resources */ = {isa = PBXBuildFile; fileRef = A83F7D1A2CABFFF7000131B7 /* Preview Assets.xcassets */; };
		A83F7D1D2CABFFF7000131B7 /* Persistence.swift in Sources */ = {isa = PBXBuildFile; fileRef = A83F7D1C2CABFFF7000131B7 /* Persistence.swift */; };
		A83F7D202CABFFF7000131B7 /* PrtScPro.xcdatamodeld in Sources */ = {isa = PBXBuildFile; fileRef = A83F7D1E2CABFFF7000131B7 /* PrtScPro.xcdatamodeld */; };
		A83F7D2A2CAC0201000131B7 /* ScreenAreaPanel.swift in Sources */ = {isa = PBXBuildFile; fileRef = A83F7D292CAC0201000131B7 /* ScreenAreaPanel.swift */; };
		A83F7D2C2CAC0280000131B7 /* ScreenAreaView.swift in Sources */ = {isa = PBXBuildFile; fileRef = A83F7D2B2CAC0280000131B7 /* ScreenAreaView.swift */; };
		A83F7D322CAD2718000131B7 /* ScreenAreaPanelModifier+Extension.swift in Sources */ = {isa = PBXBuildFile; fileRef = A83F7D312CAD2718000131B7 /* ScreenAreaPanelModifier+Extension.swift */; };
		A85CCA042CADB659002EDE46 /* BarMenuView.swift in Sources */ = {isa = PBXBuildFile; fileRef = A85CCA032CADB659002EDE46 /* BarMenuView.swift */; };
		A85CCA062CADB99D002EDE46 /* ScreenshotView.swift in Sources */ = {isa = PBXBuildFile; fileRef = A85CCA052CADB99D002EDE46 /* ScreenshotView.swift */; };
		A85CCA092CADD115002EDE46 /* ScreenRecorder.swift in Sources */ = {isa = PBXBuildFile; fileRef = A85CCA082CADD115002EDE46 /* ScreenRecorder.swift */; };
		A8F492B62CAD6F3800DDB2E5 /* TimerView.swift in Sources */ = {isa = PBXBuildFile; fileRef = A8F492B52CAD6F3800DDB2E5 /* TimerView.swift */; };
		A8F492B82CAD734A00DDB2E5 /* ControlButton.swift in Sources */ = {isa = PBXBuildFile; fileRef = A8F492B72CAD734A00DDB2E5 /* ControlButton.swift */; };
		A8F492BB2CAD7FF200DDB2E5 /* ScreencastView.swift in Sources */ = {isa = PBXBuildFile; fileRef = A8F492BA2CAD7FF200DDB2E5 /* ScreencastView.swift */; };
		A8F492BE2CADA6D600DDB2E5 /* Localizable.xcstrings in Resources */ = {isa = PBXBuildFile; fileRef = A8F492BD2CADA6D600DDB2E5 /* Localizable.xcstrings */; };
/* End PBXBuildFile section */

/* Begin PBXFileReference section */
		A83F7D102CABFFF5000131B7 /* PrtScPro.app */ = {isa = PBXFileReference; explicitFileType = wrapper.application; includeInIndex = 0; path = PrtScPro.app; sourceTree = BUILT_PRODUCTS_DIR; };
		A83F7D132CABFFF5000131B7 /* PrtScProApp.swift */ = {isa = PBXFileReference; lastKnownFileType = sourcecode.swift; path = PrtScProApp.swift; sourceTree = "<group>"; };
		A83F7D152CABFFF5000131B7 /* MainView.swift */ = {isa = PBXFileReference; lastKnownFileType = sourcecode.swift; path = MainView.swift; sourceTree = "<group>"; };
		A83F7D172CABFFF7000131B7 /* Assets.xcassets */ = {isa = PBXFileReference; lastKnownFileType = folder.assetcatalog; path = Assets.xcassets; sourceTree = "<group>"; };
		A83F7D1A2CABFFF7000131B7 /* Preview Assets.xcassets */ = {isa = PBXFileReference; lastKnownFileType = folder.assetcatalog; path = "Preview Assets.xcassets"; sourceTree = "<group>"; };
		A83F7D1C2CABFFF7000131B7 /* Persistence.swift */ = {isa = PBXFileReference; lastKnownFileType = sourcecode.swift; path = Persistence.swift; sourceTree = "<group>"; };
		A83F7D1F2CABFFF7000131B7 /* PrtScPro.xcdatamodel */ = {isa = PBXFileReference; lastKnownFileType = wrapper.xcdatamodel; path = PrtScPro.xcdatamodel; sourceTree = "<group>"; };
		A83F7D212CABFFF7000131B7 /* PrtScPro.entitlements */ = {isa = PBXFileReference; lastKnownFileType = text.plist.entitlements; path = PrtScPro.entitlements; sourceTree = "<group>"; };
		A83F7D292CAC0201000131B7 /* ScreenAreaPanel.swift */ = {isa = PBXFileReference; lastKnownFileType = sourcecode.swift; path = ScreenAreaPanel.swift; sourceTree = "<group>"; };
		A83F7D2B2CAC0280000131B7 /* ScreenAreaView.swift */ = {isa = PBXFileReference; lastKnownFileType = sourcecode.swift; path = ScreenAreaView.swift; sourceTree = "<group>"; };
		A83F7D312CAD2718000131B7 /* ScreenAreaPanelModifier+Extension.swift */ = {isa = PBXFileReference; lastKnownFileType = sourcecode.swift; path = "ScreenAreaPanelModifier+Extension.swift"; sourceTree = "<group>"; };
		A85CCA032CADB659002EDE46 /* BarMenuView.swift */ = {isa = PBXFileReference; lastKnownFileType = sourcecode.swift; path = BarMenuView.swift; sourceTree = "<group>"; };
		A85CCA052CADB99D002EDE46 /* ScreenshotView.swift */ = {isa = PBXFileReference; lastKnownFileType = sourcecode.swift; path = ScreenshotView.swift; sourceTree = "<group>"; };
		A85CCA082CADD115002EDE46 /* ScreenRecorder.swift */ = {isa = PBXFileReference; lastKnownFileType = sourcecode.swift; path = ScreenRecorder.swift; sourceTree = "<group>"; };
		A8F492B52CAD6F3800DDB2E5 /* TimerView.swift */ = {isa = PBXFileReference; lastKnownFileType = sourcecode.swift; path = TimerView.swift; sourceTree = "<group>"; };
		A8F492B72CAD734A00DDB2E5 /* ControlButton.swift */ = {isa = PBXFileReference; lastKnownFileType = sourcecode.swift; path = ControlButton.swift; sourceTree = "<group>"; };
		A8F492BA2CAD7FF200DDB2E5 /* ScreencastView.swift */ = {isa = PBXFileReference; lastKnownFileType = sourcecode.swift; path = ScreencastView.swift; sourceTree = "<group>"; };
		A8F492BD2CADA6D600DDB2E5 /* Localizable.xcstrings */ = {isa = PBXFileReference; lastKnownFileType = text.json.xcstrings; path = Localizable.xcstrings; sourceTree = "<group>"; };
/* End PBXFileReference section */

/* Begin PBXFrameworksBuildPhase section */
		A83F7D0D2CABFFF5000131B7 /* Frameworks */ = {
			isa = PBXFrameworksBuildPhase;
			buildActionMask = 2147483647;
			files = (
			);
			runOnlyForDeploymentPostprocessing = 0;
		};
/* End PBXFrameworksBuildPhase section */

/* Begin PBXGroup section */
		A83F7D072CABFFF4000131B7 = {
			isa = PBXGroup;
			children = (
				A83F7D122CABFFF5000131B7 /* PrtScPro */,
				A83F7D112CABFFF5000131B7 /* Products */,
			);
			sourceTree = "<group>";
		};
		A83F7D112CABFFF5000131B7 /* Products */ = {
			isa = PBXGroup;
			children = (
				A83F7D102CABFFF5000131B7 /* PrtScPro.app */,
			);
			name = Products;
			sourceTree = "<group>";
		};
		A83F7D122CABFFF5000131B7 /* PrtScPro */ = {
			isa = PBXGroup;
			children = (
				A83F7D192CABFFF7000131B7 /* Preview Content */,
				A8F492B92CAD7FDF00DDB2E5 /* Views */,
				A83F7D272CAC01D7000131B7 /* Modules */,
				A83F7D132CABFFF5000131B7 /* PrtScProApp.swift */,
				A83F7D1C2CABFFF7000131B7 /* Persistence.swift */,
				A83F7D172CABFFF7000131B7 /* Assets.xcassets */,
				A8F492BD2CADA6D600DDB2E5 /* Localizable.xcstrings */,
				A83F7D1E2CABFFF7000131B7 /* PrtScPro.xcdatamodeld */,
				A83F7D212CABFFF7000131B7 /* PrtScPro.entitlements */,
			);
			path = PrtScPro;
			sourceTree = "<group>";
		};
		A83F7D192CABFFF7000131B7 /* Preview Content */ = {
			isa = PBXGroup;
			children = (
				A83F7D1A2CABFFF7000131B7 /* Preview Assets.xcassets */,
			);
			path = "Preview Content";
			sourceTree = "<group>";
		};
		A83F7D272CAC01D7000131B7 /* Modules */ = {
			isa = PBXGroup;
			children = (
				A85CCA072CADD100002EDE46 /* ScreenRecorder */,
				A8F492B42CAD6EAD00DDB2E5 /* AppControls */,
				A83F7D282CAC01E2000131B7 /* ScreenAreaSelector */,
			);
			path = Modules;
			sourceTree = "<group>";
		};
		A83F7D282CAC01E2000131B7 /* ScreenAreaSelector */ = {
			isa = PBXGroup;
			children = (
				A83F7D292CAC0201000131B7 /* ScreenAreaPanel.swift */,
				A83F7D2B2CAC0280000131B7 /* ScreenAreaView.swift */,
				A83F7D312CAD2718000131B7 /* ScreenAreaPanelModifier+Extension.swift */,
			);
			path = ScreenAreaSelector;
			sourceTree = "<group>";
		};
		A85CCA072CADD100002EDE46 /* ScreenRecorder */ = {
			isa = PBXGroup;
			children = (
				A85CCA082CADD115002EDE46 /* ScreenRecorder.swift */,
			);
			path = ScreenRecorder;
			sourceTree = "<group>";
		};
		A8F492B42CAD6EAD00DDB2E5 /* AppControls */ = {
			isa = PBXGroup;
			children = (
				A8F492B52CAD6F3800DDB2E5 /* TimerView.swift */,
				A8F492B72CAD734A00DDB2E5 /* ControlButton.swift */,
			);
			path = AppControls;
			sourceTree = "<group>";
		};
		A8F492B92CAD7FDF00DDB2E5 /* Views */ = {
			isa = PBXGroup;
			children = (
				A83F7D152CABFFF5000131B7 /* MainView.swift */,
				A8F492BA2CAD7FF200DDB2E5 /* ScreencastView.swift */,
				A85CCA032CADB659002EDE46 /* BarMenuView.swift */,
				A85CCA052CADB99D002EDE46 /* ScreenshotView.swift */,
			);
			path = Views;
			sourceTree = "<group>";
		};
/* End PBXGroup section */

/* Begin PBXNativeTarget section */
		A83F7D0F2CABFFF5000131B7 /* PrtScPro */ = {
			isa = PBXNativeTarget;
			buildConfigurationList = A83F7D242CABFFF7000131B7 /* Build configuration list for PBXNativeTarget "PrtScPro" */;
			buildPhases = (
				A83F7D0C2CABFFF5000131B7 /* Sources */,
				A83F7D0D2CABFFF5000131B7 /* Frameworks */,
				A83F7D0E2CABFFF5000131B7 /* Resources */,
			);
			buildRules = (
			);
			dependencies = (
			);
			name = PrtScPro;
			productName = PrtScPro;
			productReference = A83F7D102CABFFF5000131B7 /* PrtScPro.app */;
			productType = "com.apple.product-type.application";
		};
/* End PBXNativeTarget section */

/* Begin PBXProject section */
		A83F7D082CABFFF4000131B7 /* Project object */ = {
			isa = PBXProject;
			attributes = {
				BuildIndependentTargetsInParallel = 1;
				LastSwiftUpdateCheck = 1540;
				LastUpgradeCheck = 1540;
				TargetAttributes = {
					A83F7D0F2CABFFF5000131B7 = {
						CreatedOnToolsVersion = 15.4;
					};
				};
			};
			buildConfigurationList = A83F7D0B2CABFFF4000131B7 /* Build configuration list for PBXProject "PrtScPro" */;
			compatibilityVersion = "Xcode 14.0";
			developmentRegion = en;
			hasScannedForEncodings = 0;
			knownRegions = (
				en,
				Base,
				ru,
			);
			mainGroup = A83F7D072CABFFF4000131B7;
			productRefGroup = A83F7D112CABFFF5000131B7 /* Products */;
			projectDirPath = "";
			projectRoot = "";
			targets = (
				A83F7D0F2CABFFF5000131B7 /* PrtScPro */,
			);
		};
/* End PBXProject section */

/* Begin PBXResourcesBuildPhase section */
		A83F7D0E2CABFFF5000131B7 /* Resources */ = {
			isa = PBXResourcesBuildPhase;
			buildActionMask = 2147483647;
			files = (
				A83F7D1B2CABFFF7000131B7 /* Preview Assets.xcassets in Resources */,
				A83F7D182CABFFF7000131B7 /* Assets.xcassets in Resources */,
				A8F492BE2CADA6D600DDB2E5 /* Localizable.xcstrings in Resources */,
			);
			runOnlyForDeploymentPostprocessing = 0;
		};
/* End PBXResourcesBuildPhase section */

/* Begin PBXSourcesBuildPhase section */
		A83F7D0C2CABFFF5000131B7 /* Sources */ = {
			isa = PBXSourcesBuildPhase;
			buildActionMask = 2147483647;
			files = (
				A85CCA062CADB99D002EDE46 /* ScreenshotView.swift in Sources */,
				A85CCA092CADD115002EDE46 /* ScreenRecorder.swift in Sources */,
				A8F492B82CAD734A00DDB2E5 /* ControlButton.swift in Sources */,
				A83F7D1D2CABFFF7000131B7 /* Persistence.swift in Sources */,
				A83F7D322CAD2718000131B7 /* ScreenAreaPanelModifier+Extension.swift in Sources */,
				A83F7D162CABFFF5000131B7 /* MainView.swift in Sources */,
				A83F7D202CABFFF7000131B7 /* PrtScPro.xcdatamodeld in Sources */,
				A83F7D142CABFFF5000131B7 /* PrtScProApp.swift in Sources */,
				A83F7D2A2CAC0201000131B7 /* ScreenAreaPanel.swift in Sources */,
				A85CCA042CADB659002EDE46 /* BarMenuView.swift in Sources */,
				A8F492B62CAD6F3800DDB2E5 /* TimerView.swift in Sources */,
				A8F492BB2CAD7FF200DDB2E5 /* ScreencastView.swift in Sources */,
				A83F7D2C2CAC0280000131B7 /* ScreenAreaView.swift in Sources */,
			);
			runOnlyForDeploymentPostprocessing = 0;
		};
/* End PBXSourcesBuildPhase section */

/* Begin XCBuildConfiguration section */
		A83F7D222CABFFF7000131B7 /* Debug */ = {
			isa = XCBuildConfiguration;
			buildSettings = {
				ALWAYS_SEARCH_USER_PATHS = NO;
				ASSETCATALOG_COMPILER_GENERATE_SWIFT_ASSET_SYMBOL_EXTENSIONS = YES;
				CLANG_ANALYZER_NONNULL = YES;
				CLANG_ANALYZER_NUMBER_OBJECT_CONVERSION = YES_AGGRESSIVE;
				CLANG_CXX_LANGUAGE_STANDARD = "gnu++20";
				CLANG_ENABLE_MODULES = YES;
				CLANG_ENABLE_OBJC_ARC = YES;
				CLANG_ENABLE_OBJC_WEAK = YES;
				CLANG_WARN_BLOCK_CAPTURE_AUTORELEASING = YES;
				CLANG_WARN_BOOL_CONVERSION = YES;
				CLANG_WARN_COMMA = YES;
				CLANG_WARN_CONSTANT_CONVERSION = YES;
				CLANG_WARN_DEPRECATED_OBJC_IMPLEMENTATIONS = YES;
				CLANG_WARN_DIRECT_OBJC_ISA_USAGE = YES_ERROR;
				CLANG_WARN_DOCUMENTATION_COMMENTS = YES;
				CLANG_WARN_EMPTY_BODY = YES;
				CLANG_WARN_ENUM_CONVERSION = YES;
				CLANG_WARN_INFINITE_RECURSION = YES;
				CLANG_WARN_INT_CONVERSION = YES;
				CLANG_WARN_NON_LITERAL_NULL_CONVERSION = YES;
				CLANG_WARN_OBJC_IMPLICIT_RETAIN_SELF = YES;
				CLANG_WARN_OBJC_LITERAL_CONVERSION = YES;
				CLANG_WARN_OBJC_ROOT_CLASS = YES_ERROR;
				CLANG_WARN_QUOTED_INCLUDE_IN_FRAMEWORK_HEADER = YES;
				CLANG_WARN_RANGE_LOOP_ANALYSIS = YES;
				CLANG_WARN_STRICT_PROTOTYPES = YES;
				CLANG_WARN_SUSPICIOUS_MOVE = YES;
				CLANG_WARN_UNGUARDED_AVAILABILITY = YES_AGGRESSIVE;
				CLANG_WARN_UNREACHABLE_CODE = YES;
				CLANG_WARN__DUPLICATE_METHOD_MATCH = YES;
				COPY_PHASE_STRIP = NO;
				DEBUG_INFORMATION_FORMAT = dwarf;
				ENABLE_STRICT_OBJC_MSGSEND = YES;
				ENABLE_TESTABILITY = YES;
				ENABLE_USER_SCRIPT_SANDBOXING = YES;
				GCC_C_LANGUAGE_STANDARD = gnu17;
				GCC_DYNAMIC_NO_PIC = NO;
				GCC_NO_COMMON_BLOCKS = YES;
				GCC_OPTIMIZATION_LEVEL = 0;
				GCC_PREPROCESSOR_DEFINITIONS = (
					"DEBUG=1",
					"$(inherited)",
				);
				GCC_WARN_64_TO_32_BIT_CONVERSION = YES;
				GCC_WARN_ABOUT_RETURN_TYPE = YES_ERROR;
				GCC_WARN_UNDECLARED_SELECTOR = YES;
				GCC_WARN_UNINITIALIZED_AUTOS = YES_AGGRESSIVE;
				GCC_WARN_UNUSED_FUNCTION = YES;
				GCC_WARN_UNUSED_VARIABLE = YES;
				LOCALIZATION_PREFERS_STRING_CATALOGS = YES;
				MACOSX_DEPLOYMENT_TARGET = 14.4;
				MTL_ENABLE_DEBUG_INFO = INCLUDE_SOURCE;
				MTL_FAST_MATH = YES;
				ONLY_ACTIVE_ARCH = YES;
				SDKROOT = macosx;
				SWIFT_ACTIVE_COMPILATION_CONDITIONS = "DEBUG $(inherited)";
				SWIFT_OPTIMIZATION_LEVEL = "-Onone";
			};
			name = Debug;
		};
		A83F7D232CABFFF7000131B7 /* Release */ = {
			isa = XCBuildConfiguration;
			buildSettings = {
				ALWAYS_SEARCH_USER_PATHS = NO;
				ASSETCATALOG_COMPILER_GENERATE_SWIFT_ASSET_SYMBOL_EXTENSIONS = YES;
				CLANG_ANALYZER_NONNULL = YES;
				CLANG_ANALYZER_NUMBER_OBJECT_CONVERSION = YES_AGGRESSIVE;
				CLANG_CXX_LANGUAGE_STANDARD = "gnu++20";
				CLANG_ENABLE_MODULES = YES;
				CLANG_ENABLE_OBJC_ARC = YES;
				CLANG_ENABLE_OBJC_WEAK = YES;
				CLANG_WARN_BLOCK_CAPTURE_AUTORELEASING = YES;
				CLANG_WARN_BOOL_CONVERSION = YES;
				CLANG_WARN_COMMA = YES;
				CLANG_WARN_CONSTANT_CONVERSION = YES;
				CLANG_WARN_DEPRECATED_OBJC_IMPLEMENTATIONS = YES;
				CLANG_WARN_DIRECT_OBJC_ISA_USAGE = YES_ERROR;
				CLANG_WARN_DOCUMENTATION_COMMENTS = YES;
				CLANG_WARN_EMPTY_BODY = YES;
				CLANG_WARN_ENUM_CONVERSION = YES;
				CLANG_WARN_INFINITE_RECURSION = YES;
				CLANG_WARN_INT_CONVERSION = YES;
				CLANG_WARN_NON_LITERAL_NULL_CONVERSION = YES;
				CLANG_WARN_OBJC_IMPLICIT_RETAIN_SELF = YES;
				CLANG_WARN_OBJC_LITERAL_CONVERSION = YES;
				CLANG_WARN_OBJC_ROOT_CLASS = YES_ERROR;
				CLANG_WARN_QUOTED_INCLUDE_IN_FRAMEWORK_HEADER = YES;
				CLANG_WARN_RANGE_LOOP_ANALYSIS = YES;
				CLANG_WARN_STRICT_PROTOTYPES = YES;
				CLANG_WARN_SUSPICIOUS_MOVE = YES;
				CLANG_WARN_UNGUARDED_AVAILABILITY = YES_AGGRESSIVE;
				CLANG_WARN_UNREACHABLE_CODE = YES;
				CLANG_WARN__DUPLICATE_METHOD_MATCH = YES;
				COPY_PHASE_STRIP = NO;
				DEBUG_INFORMATION_FORMAT = "dwarf-with-dsym";
				ENABLE_NS_ASSERTIONS = NO;
				ENABLE_STRICT_OBJC_MSGSEND = YES;
				ENABLE_USER_SCRIPT_SANDBOXING = YES;
				GCC_C_LANGUAGE_STANDARD = gnu17;
				GCC_NO_COMMON_BLOCKS = YES;
				GCC_WARN_64_TO_32_BIT_CONVERSION = YES;
				GCC_WARN_ABOUT_RETURN_TYPE = YES_ERROR;
				GCC_WARN_UNDECLARED_SELECTOR = YES;
				GCC_WARN_UNINITIALIZED_AUTOS = YES_AGGRESSIVE;
				GCC_WARN_UNUSED_FUNCTION = YES;
				GCC_WARN_UNUSED_VARIABLE = YES;
				LOCALIZATION_PREFERS_STRING_CATALOGS = YES;
				MACOSX_DEPLOYMENT_TARGET = 14.4;
				MTL_ENABLE_DEBUG_INFO = NO;
				MTL_FAST_MATH = YES;
				SDKROOT = macosx;
				SWIFT_COMPILATION_MODE = wholemodule;
			};
			name = Release;
		};
		A83F7D252CABFFF7000131B7 /* Debug */ = {
			isa = XCBuildConfiguration;
			buildSettings = {
				ASSETCATALOG_COMPILER_APPICON_NAME = AppIcon;
				ASSETCATALOG_COMPILER_GLOBAL_ACCENT_COLOR_NAME = AccentColor;
				CODE_SIGN_ENTITLEMENTS = PrtScPro/PrtScPro.entitlements;
				CODE_SIGN_STYLE = Automatic;
				COMBINE_HIDPI_IMAGES = YES;
				CURRENT_PROJECT_VERSION = 1;
				DEVELOPMENT_ASSET_PATHS = "\"PrtScPro/Preview Content\"";
				DEVELOPMENT_TEAM = Z4MQF3PFSY;
				ENABLE_HARDENED_RUNTIME = YES;
				ENABLE_PREVIEWS = YES;
				GENERATE_INFOPLIST_FILE = YES;
				INFOPLIST_KEY_NSHumanReadableCopyright = "";
				LD_RUNPATH_SEARCH_PATHS = (
					"$(inherited)",
					"@executable_path/../Frameworks",
				);
				MARKETING_VERSION = 1.0;
				PRODUCT_BUNDLE_IDENTIFIER = pro.jslib.PrtScPro;
				PRODUCT_NAME = "$(TARGET_NAME)";
				SWIFT_EMIT_LOC_STRINGS = YES;
				SWIFT_VERSION = 5.0;
			};
			name = Debug;
		};
		A83F7D262CABFFF7000131B7 /* Release */ = {
			isa = XCBuildConfiguration;
			buildSettings = {
				ASSETCATALOG_COMPILER_APPICON_NAME = AppIcon;
				ASSETCATALOG_COMPILER_GLOBAL_ACCENT_COLOR_NAME = AccentColor;
				CODE_SIGN_ENTITLEMENTS = PrtScPro/PrtScPro.entitlements;
				CODE_SIGN_STYLE = Automatic;
				COMBINE_HIDPI_IMAGES = YES;
				CURRENT_PROJECT_VERSION = 1;
				DEVELOPMENT_ASSET_PATHS = "\"PrtScPro/Preview Content\"";
				DEVELOPMENT_TEAM = Z4MQF3PFSY;
				ENABLE_HARDENED_RUNTIME = YES;
				ENABLE_PREVIEWS = YES;
				GENERATE_INFOPLIST_FILE = YES;
				INFOPLIST_KEY_NSHumanReadableCopyright = "";
				LD_RUNPATH_SEARCH_PATHS = (
					"$(inherited)",
					"@executable_path/../Frameworks",
				);
				MARKETING_VERSION = 1.0;
				PRODUCT_BUNDLE_IDENTIFIER = pro.jslib.PrtScPro;
				PRODUCT_NAME = "$(TARGET_NAME)";
				SWIFT_EMIT_LOC_STRINGS = YES;
				SWIFT_VERSION = 5.0;
			};
			name = Release;
		};
/* End XCBuildConfiguration section */

/* Begin XCConfigurationList section */
		A83F7D0B2CABFFF4000131B7 /* Build configuration list for PBXProject "PrtScPro" */ = {
			isa = XCConfigurationList;
			buildConfigurations = (
				A83F7D222CABFFF7000131B7 /* Debug */,
				A83F7D232CABFFF7000131B7 /* Release */,
			);
			defaultConfigurationIsVisible = 0;
			defaultConfigurationName = Release;
		};
		A83F7D242CABFFF7000131B7 /* Build configuration list for PBXNativeTarget "PrtScPro" */ = {
			isa = XCConfigurationList;
			buildConfigurations = (
				A83F7D252CABFFF7000131B7 /* Debug */,
				A83F7D262CABFFF7000131B7 /* Release */,
			);
			defaultConfigurationIsVisible = 0;
			defaultConfigurationName = Release;
		};
/* End XCConfigurationList section */

/* Begin XCVersionGroup section */
		A83F7D1E2CABFFF7000131B7 /* PrtScPro.xcdatamodeld */ = {
			isa = XCVersionGroup;
			children = (
				A83F7D1F2CABFFF7000131B7 /* PrtScPro.xcdatamodel */,
			);
			currentVersion = A83F7D1F2CABFFF7000131B7 /* PrtScPro.xcdatamodel */;
			path = PrtScPro.xcdatamodeld;
			sourceTree = "<group>";
			versionGroupType = wrapper.xcdatamodel;
		};
/* End XCVersionGroup section */
	};
	rootObject = A83F7D082CABFFF4000131B7 /* Project object */;
}
